# This file was autogenerated by Stack.
# You should not edit this file by hand.
# For more information, please see the documentation at:
#   https://docs.haskellstack.org/en/stable/lock_files

packages:
- completed:
    hackage: ConfigFile-1.1.4@sha256:4cb481f88bbbbba5a61d2c1aa76fda01ae3d8ba9d11439a6cf56a86bfa791883,2097
    pantry-tree:
      sha256: ca968890a1f57385aa0d3ccc979e641f02705f2b3044bc55ec650911ea6c46f4
      size: 1016
  original:
    hackage: ConfigFile-1.1.4
- completed:
    commit: 0285358d4d703d9daf2c65baa2c2d3d782b344df
    git: https://github.com/StephanStanisic/ideas.git
    name: ideas
    pantry-tree:
      sha256: 7da73d8e5d80dc81c8c613434dc4ba51ae5a158cdb6fe9e60476caae37b31e77
      size: 9710
    version: '1.8'
  original:
    commit: 0285358d4d703d9daf2c65baa2c2d3d782b344df
    git: https://github.com/StephanStanisic/ideas.git
- completed:
    commit: 1562ea5b6b97309c86d2fc5ae172a530f943c86c
    git: https://github.com/bgamari/hdbc-sqlite3.git
    name: HDBC-sqlite3
    pantry-tree:
      sha256: 8eeca880825e39c5677dddc11befba79bcda9e98bacd805fe012f285777c3ec2
      size: 1487
    version: 2.3.3.1
  original:
    commit: 1562ea5b6b97309c86d2fc5ae172a530f943c86c
    git: https://github.com/bgamari/hdbc-sqlite3.git
- completed:
    hackage: streaming-commons-0.1.19@sha256:d11aea24fbf6dc95594f3213b8985726baf0abf870e49d6b3f5ac60d4e4f3125,5333
    pantry-tree:
      sha256: 59dd57726a2cb299b7d62b3bfb6694b3a50aa444e447ad0099809bdbd82a265a
      size: 3544
  original:
    hackage: streaming-commons-0.1.19@sha256:d11aea24fbf6dc95594f3213b8985726baf0abf870e49d6b3f5ac60d4e4f3125,5333
- completed:
    hackage: wl-pprint-1.2.1@sha256:aea676cff4a062d7d912149d270e33f5bb0c01b68a9db46ff13b438141ff4b7c,734
    pantry-tree:
      sha256: 750b375c6fc33400551f9e32e26e41844c372270a9bc3571e912fa36df7c6d4f
      size: 221
  original:
    hackage: wl-pprint-1.2.1@sha256:aea676cff4a062d7d912149d270e33f5bb0c01b68a9db46ff13b438141ff4b7c,734
- completed:
    hackage: QuickCheck-2.11.3@sha256:5e8e84718b2a47ba2986732adf9fd8888f2bef965854ed3a0beb14e8da938389,5499
    pantry-tree:
      sha256: b2865f6c8f139e8429d287b3e7179e8ca4ef2ab97c5b547657ca8f49276a801f
      size: 1862
  original:
    hackage: QuickCheck-2.11.3@sha256:5e8e84718b2a47ba2986732adf9fd8888f2bef965854ed3a0beb14e8da938389,5499
snapshots:
- completed:
    sha256: f761fe419a1a44fc3ef47f5bfb1853304d13320fc72b45d2798c08d21dabc23c
    size: 523541
    url: https://raw.githubusercontent.com/commercialhaskell/stackage-snapshots/master/lts/14/24.yaml
  original: lts-14.24
